
Microsoft Visual Studio Solution File, Format Version 12.00
# Visual Studio Version 17
VisualStudioVersion = 17.4.33213.308
MinimumVisualStudioVersion = 10.0.40219.1
Project("{FAE04EC0-301F-11D3-BF4B-00C04F79EFBC}") = "ProjGB", "ProjGB\ProjGB.csproj", "{6B3B59BC-90E4-4B1E-AD17-B00F7CDCF57C}"
EndProject
Global
	GlobalSection(SolutionConfigurationPlatforms) = preSolution
		Debug|Any CPU = Debug|Any CPU
		Release|Any CPU = Release|Any CPU
	EndGlobalSection
	GlobalSection(ProjectConfigurationPlatforms) = postSolution
		{6B3B59BC-90E4-4B1E-AD17-B00F7CDCF57C}.Debug|Any CPU.ActiveCfg = Debug|Any CPU
		{6B3B59BC-90E4-4B1E-AD17-B00F7CDCF57C}.Debug|Any CPU.Build.0 = Debug|Any CPU
		{6B3B59BC-90E4-4B1E-AD17-B00F7CDCF57C}.Release|Any CPU.ActiveCfg = Release|Any CPU
		{6B3B59BC-90E4-4B1E-AD17-B00F7CDCF57C}.Release|Any CPU.Build.0 = Release|Any CPU
	EndGlobalSection
	GlobalSection(SolutionProperties) = preSolution
		HideSolutionNode = FALSE
	EndGlobalSection
	GlobalSection(ExtensibilityGlobals) = postSolution
		SolutionGuid = {EDDBABA0-D373-4637-8674-9D54EC13388F}
	EndGlobalSection
EndGlobal
